dependencies:
- name: common
  repository: https://charts.bitnami.com/bitnami
  version: 1.16.0
- name: mariadb
  repository: https://charts.bitnami.com/bitnami
  version: 11.0.9
digest: sha256:344688f9f9991af895a9e80ac9813b980e5982842e4aee5ed72e60ac118f0f99
generated: "2022-06-08T12:12:33.5646536+02:00"
